
Microsoft Visual Studio Solution File, Format Version 12.00
# Visual Studio Version 17
VisualStudioVersion = 17.0.31903.59
MinimumVisualStudioVersion = 10.0.40219.1
Project("{2150E333-8FDC-42A3-9474-1A3956D46DE8}") = "src", "src", "{9122D35F-670F-444B-B1C6-FA8FEC1E841C}"
EndProject
Project("{2150E333-8FDC-42A3-9474-1A3956D46DE8}") = "solution items", "solution items", "{16EB5FD0-8400-4F4D-985D-C506AA5A0544}"
	ProjectSection(SolutionItems) = preProject
		Directory.Build.props = Directory.Build.props
		README.md = README.md
	EndProjectSection
EndProject
Project("{9A19103F-16F7-4668-BE54-9A1E7A4F7556}") = "Chat.Service", "src\Chat.Service\Chat.Service.csproj", "{4718329F-DA45-47D4-904E-99246E4F6681}"
EndProject
Project("{9A19103F-16F7-4668-BE54-9A1E7A4F7556}") = "Chat.Contracts", "src\Chat.Contracts\Chat.Contracts.csproj", "{6AA026F1-9439-40CB-9DD6-BF947E334697}"
EndProject
Project("{2150E333-8FDC-42A3-9474-1A3956D46DE8}") = "client", "client", "{13DC15C5-E2AD-47D4-B14F-F84223CB7B92}"
EndProject
Project("{FAE04EC0-301F-11D3-BF4B-00C04F79EFBC}") = "Chat.Client", "client\Chat.Client\Chat.Client.csproj", "{EF25CED4-BA3E-4C49-88A0-98533D7FC1FE}"
EndProject
Project("{FAE04EC0-301F-11D3-BF4B-00C04F79EFBC}") = "Infrastructure", "src\Infrastructure\Infrastructure.csproj", "{66FE2180-E291-4899-B735-B2439965B8BF}"
EndProject
Project("{2150E333-8FDC-42A3-9474-1A3956D46DE8}") = "test", "test", "{96AE19A0-A93E-4F2C-9A1C-C6B88138C077}"
EndProject
Global
	GlobalSection(SolutionConfigurationPlatforms) = preSolution
		Debug|Any CPU = Debug|Any CPU
		Release|Any CPU = Release|Any CPU
	EndGlobalSection
	GlobalSection(ProjectConfigurationPlatforms) = postSolution
		{4718329F-DA45-47D4-904E-99246E4F6681}.Debug|Any CPU.ActiveCfg = Debug|Any CPU
		{4718329F-DA45-47D4-904E-99246E4F6681}.Debug|Any CPU.Build.0 = Debug|Any CPU
		{4718329F-DA45-47D4-904E-99246E4F6681}.Release|Any CPU.ActiveCfg = Release|Any CPU
		{4718329F-DA45-47D4-904E-99246E4F6681}.Release|Any CPU.Build.0 = Release|Any CPU
		{6AA026F1-9439-40CB-9DD6-BF947E334697}.Debug|Any CPU.ActiveCfg = Debug|Any CPU
		{6AA026F1-9439-40CB-9DD6-BF947E334697}.Debug|Any CPU.Build.0 = Debug|Any CPU
		{6AA026F1-9439-40CB-9DD6-BF947E334697}.Release|Any CPU.ActiveCfg = Release|Any CPU
		{6AA026F1-9439-40CB-9DD6-BF947E334697}.Release|Any CPU.Build.0 = Release|Any CPU
		{EF25CED4-BA3E-4C49-88A0-98533D7FC1FE}.Debug|Any CPU.ActiveCfg = Debug|Any CPU
		{EF25CED4-BA3E-4C49-88A0-98533D7FC1FE}.Debug|Any CPU.Build.0 = Debug|Any CPU
		{EF25CED4-BA3E-4C49-88A0-98533D7FC1FE}.Release|Any CPU.ActiveCfg = Release|Any CPU
		{EF25CED4-BA3E-4C49-88A0-98533D7FC1FE}.Release|Any CPU.Build.0 = Release|Any CPU
		{66FE2180-E291-4899-B735-B2439965B8BF}.Debug|Any CPU.ActiveCfg = Debug|Any CPU
		{66FE2180-E291-4899-B735-B2439965B8BF}.Debug|Any CPU.Build.0 = Debug|Any CPU
		{66FE2180-E291-4899-B735-B2439965B8BF}.Release|Any CPU.ActiveCfg = Release|Any CPU
		{66FE2180-E291-4899-B735-B2439965B8BF}.Release|Any CPU.Build.0 = Release|Any CPU
	EndGlobalSection
	GlobalSection(SolutionProperties) = preSolution
		HideSolutionNode = FALSE
	EndGlobalSection
	GlobalSection(NestedProjects) = preSolution
		{4718329F-DA45-47D4-904E-99246E4F6681} = {9122D35F-670F-444B-B1C6-FA8FEC1E841C}
		{6AA026F1-9439-40CB-9DD6-BF947E334697} = {9122D35F-670F-444B-B1C6-FA8FEC1E841C}
		{EF25CED4-BA3E-4C49-88A0-98533D7FC1FE} = {13DC15C5-E2AD-47D4-B14F-F84223CB7B92}
		{13DC15C5-E2AD-47D4-B14F-F84223CB7B92} = {9122D35F-670F-444B-B1C6-FA8FEC1E841C}
		{66FE2180-E291-4899-B735-B2439965B8BF} = {9122D35F-670F-444B-B1C6-FA8FEC1E841C}
	EndGlobalSection
	GlobalSection(ExtensibilityGlobals) = postSolution
		SolutionGuid = {5A4D9588-1098-4660-8677-78840ACF1825}
	EndGlobalSection
EndGlobal
