
Microsoft Visual Studio Solution File, Format Version 12.00
# Visual Studio Version 17
VisualStudioVersion = 17.12.35309.182
MinimumVisualStudioVersion = 10.0.40219.1
Project("{2150E333-8FDC-42A3-9474-1A3956D46DE8}") = "src", "src", "{D77433BB-94DE-4380-BDD4-1544323A90C8}"
EndProject
Project("{2150E333-8FDC-42A3-9474-1A3956D46DE8}") = "framework", "framework", "{FD6393C5-ACC7-487D-8DBD-8632606ECEFB}"
EndProject
Project("{9A19103F-16F7-4668-BE54-9A1E7A4F7556}") = "EarthChat.Gateway", "src\gateway\EarthChat.Gateway\EarthChat.Gateway.csproj", "{90B73C32-64E7-499F-ABDF-5C0B624AE992}"
EndProject
Project("{2150E333-8FDC-42A3-9474-1A3956D46DE8}") = "Sdk", "Sdk", "{B7305B3D-A837-4CB0-A272-1B229E934578}"
EndProject
Project("{9A19103F-16F7-4668-BE54-9A1E7A4F7556}") = "EarthChat.Gateway.Sdk", "src\gateway\Sdk\EarthChat.Gateway.Sdk\EarthChat.Gateway.Sdk.csproj", "{01328578-AE90-4A0B-99A8-9BCA76DB7D84}"
EndProject
Project("{2150E333-8FDC-42A3-9474-1A3956D46DE8}") = "Solution Items", "Solution Items", "{803F048C-CBC4-4920-A489-45E62095AECA}"
	ProjectSection(SolutionItems) = preProject
		design.xmind = design.xmind
		Directory.Build.props = Directory.Build.props
		docker-compose.yml = docker-compose.yml
		README.md = README.md
	EndProjectSection
EndProject
Project("{9A19103F-16F7-4668-BE54-9A1E7A4F7556}") = "EarthChat.Core", "framework\EarthChat.Core\EarthChat.Core.csproj", "{0EAC0F4D-09E5-4C7E-BD73-4FE6E4223178}"
EndProject
Project("{9A19103F-16F7-4668-BE54-9A1E7A4F7556}") = "EarthChat.Gateway.Sdk.Data", "src\gateway\Sdk\EarthChat.Gateway.Sdk.Data\EarthChat.Gateway.Sdk.Data.csproj", "{4FC05B34-3299-41AF-A764-6D2211B643E9}"
EndProject
Project("{2150E333-8FDC-42A3-9474-1A3956D46DE8}") = "instant-message", "instant-message", "{4CB0DE8E-2472-4960-95A6-95DB32420A17}"
EndProject
Project("{9A19103F-16F7-4668-BE54-9A1E7A4F7556}") = "EarthChat.InstantMessage.Host", "src\instant-message\EarthChat.InstantMessage.Host\EarthChat.InstantMessage.Host.csproj", "{A99204D4-FD15-417A-A3F3-6991F59FC551}"
EndProject
Project("{FAE04EC0-301F-11D3-BF4B-00C04F79EFBC}") = "EarthChat.Infrastructure.Algo", "framework\EarthChat.Infrastructure.Algo\EarthChat.Infrastructure.Algo.csproj", "{F3A47858-7955-46AA-ABF0-47496310F2E6}"
EndProject
Project("{2150E333-8FDC-42A3-9474-1A3956D46DE8}") = "auth", "auth", "{2545391C-0A7A-48F8-943E-CBA3905CF043}"
EndProject
Project("{2150E333-8FDC-42A3-9474-1A3956D46DE8}") = "gateway", "gateway", "{3C0931EE-E64A-42ED-A1C1-F1DB2E290B4F}"
EndProject
Project("{FAE04EC0-301F-11D3-BF4B-00C04F79EFBC}") = "EarthChat.Rabbit", "framework\EarthChat.Rabbit\EarthChat.Rabbit.csproj", "{A27A9859-C670-4360-9D8F-226D7F4D4725}"
EndProject
Project("{FAE04EC0-301F-11D3-BF4B-00C04F79EFBC}") = "EarthChat.EventBus", "framework\EarthChat.EventBus\EarthChat.EventBus.csproj", "{A546DBBB-9A2D-4E1C-8FE2-E9CD4E8B3DD1}"
EndProject
Project("{FAE04EC0-301F-11D3-BF4B-00C04F79EFBC}") = "EarthChat.EventBus.RabbitMQ", "framework\EarthChat.EventBus.RabbitMQ\EarthChat.EventBus.RabbitMQ.csproj", "{33AE348A-26DC-4565-A36D-F6409F75212D}"
EndProject
Project("{FAE04EC0-301F-11D3-BF4B-00C04F79EFBC}") = "EarthChat.AppHost", "EarthChat.AppHost\EarthChat.AppHost.csproj", "{2BC3AB98-C6AB-4245-BDD0-E909D5BA8B54}"
EndProject
Project("{FAE04EC0-301F-11D3-BF4B-00C04F79EFBC}") = "EarthChat.ServiceDefaults", "EarthChat.ServiceDefaults\EarthChat.ServiceDefaults.csproj", "{744E8EB5-E68E-4B20-AB95-A4225DF1E821}"
EndProject
Project("{FAE04EC0-301F-11D3-BF4B-00C04F79EFBC}") = "EarthChat.Jwt", "framework\EarthChat.Jwt\EarthChat.Jwt.csproj", "{6F374D3C-60A5-4E22-85E1-44A4CB91090F}"
EndProject
Project("{FAE04EC0-301F-11D3-BF4B-00C04F79EFBC}") = "EarthChat.AuthServer.Host", "src\auth\EarthChat.AuthServer.Host\EarthChat.AuthServer.Host.csproj", "{4F2699C7-D1BE-477E-B6D9-4BC2B48EC5D3}"
EndProject
Project("{FAE04EC0-301F-11D3-BF4B-00C04F79EFBC}") = "EarthChat.Domain", "framework\EarthChat.Domain\EarthChat.Domain.csproj", "{D642C908-EBDE-4488-A0ED-A717BA47E876}"
EndProject
Project("{FAE04EC0-301F-11D3-BF4B-00C04F79EFBC}") = "EarthChat.EntityFrameworkCore", "framework\EarthChat.EntityFrameworkCore\EarthChat.EntityFrameworkCore.csproj", "{C47C653B-5ACA-405B-9859-27E6B78FC53C}"
EndProject
Project("{FAE04EC0-301F-11D3-BF4B-00C04F79EFBC}") = "EarthChat.AuthServer.Application", "src\auth\EarthChat.AuthServer.Application\EarthChat.AuthServer.Application.csproj", "{D7747F44-65D3-4416-983D-00C76C64E028}"
EndProject
Project("{FAE04EC0-301F-11D3-BF4B-00C04F79EFBC}") = "EarthChat.AuthServer.Application.Contract", "src\auth\EarthChat.AuthServer.Application.Contract\EarthChat.AuthServer.Application.Contract.csproj", "{9B00843C-BF41-44F4-99D2-72003E16ABEA}"
EndProject
Project("{FAE04EC0-301F-11D3-BF4B-00C04F79EFBC}") = "EarthChat.Serilog", "framework\EarthChat.Serilog\EarthChat.Serilog.csproj", "{FF0778C7-8A79-4B50-A739-BF54301CC2A7}"
EndProject
Project("{FAE04EC0-301F-11D3-BF4B-00C04F79EFBC}") = "EarthChat.AuthServer.Domain", "src\auth\EarthChat.AuthServer.Domain\EarthChat.AuthServer.Domain.csproj", "{6E2332CB-2B58-4F81-8D60-594BD3666317}"
EndProject
Project("{FAE04EC0-301F-11D3-BF4B-00C04F79EFBC}") = "EarthChat.AuthServer.EntityFrameworkCore", "src\auth\EarthChat.AuthServer.EntityFrameworkCore\EarthChat.AuthServer.EntityFrameworkCore.csproj", "{F5837617-CCB4-4C69-A2C3-4128C591A237}"
EndProject
Project("{FAE04EC0-301F-11D3-BF4B-00C04F79EFBC}") = "EarthChat.Redis", "framework\EarthChat.Redis\EarthChat.Redis.csproj", "{606532AB-F8BB-4EC2-971F-95CA22EAA033}"
EndProject
Project("{FAE04EC0-301F-11D3-BF4B-00C04F79EFBC}") = "EarthChat.Scalar", "framework\EarthChat.Scalar\EarthChat.Scalar.csproj", "{D146F2B8-9A76-4A68-A019-725E2989255C}"
EndProject
Project("{2150E333-8FDC-42A3-9474-1A3956D46DE8}") = "docs", "docs", "{02EA681E-C7D8-13C7-8484-4AC65E1B71E8}"
	ProjectSection(SolutionItems) = preProject
		docs\gateway.md = docs\gateway.md
	EndProjectSection
EndProject
Global
	GlobalSection(SolutionConfigurationPlatforms) = preSolution
		Debug|Any CPU = Debug|Any CPU
		Release|Any CPU = Release|Any CPU
	EndGlobalSection
	GlobalSection(ProjectConfigurationPlatforms) = postSolution
		{90B73C32-64E7-499F-ABDF-5C0B624AE992}.Debug|Any CPU.ActiveCfg = Debug|Any CPU
		{90B73C32-64E7-499F-ABDF-5C0B624AE992}.Debug|Any CPU.Build.0 = Debug|Any CPU
		{90B73C32-64E7-499F-ABDF-5C0B624AE992}.Release|Any CPU.ActiveCfg = Release|Any CPU
		{90B73C32-64E7-499F-ABDF-5C0B624AE992}.Release|Any CPU.Build.0 = Release|Any CPU
		{01328578-AE90-4A0B-99A8-9BCA76DB7D84}.Debug|Any CPU.ActiveCfg = Debug|Any CPU
		{01328578-AE90-4A0B-99A8-9BCA76DB7D84}.Debug|Any CPU.Build.0 = Debug|Any CPU
		{01328578-AE90-4A0B-99A8-9BCA76DB7D84}.Release|Any CPU.ActiveCfg = Release|Any CPU
		{01328578-AE90-4A0B-99A8-9BCA76DB7D84}.Release|Any CPU.Build.0 = Release|Any CPU
		{0EAC0F4D-09E5-4C7E-BD73-4FE6E4223178}.Debug|Any CPU.ActiveCfg = Debug|Any CPU
		{0EAC0F4D-09E5-4C7E-BD73-4FE6E4223178}.Debug|Any CPU.Build.0 = Debug|Any CPU
		{0EAC0F4D-09E5-4C7E-BD73-4FE6E4223178}.Release|Any CPU.ActiveCfg = Release|Any CPU
		{0EAC0F4D-09E5-4C7E-BD73-4FE6E4223178}.Release|Any CPU.Build.0 = Release|Any CPU
		{4FC05B34-3299-41AF-A764-6D2211B643E9}.Debug|Any CPU.ActiveCfg = Debug|Any CPU
		{4FC05B34-3299-41AF-A764-6D2211B643E9}.Debug|Any CPU.Build.0 = Debug|Any CPU
		{4FC05B34-3299-41AF-A764-6D2211B643E9}.Release|Any CPU.ActiveCfg = Release|Any CPU
		{4FC05B34-3299-41AF-A764-6D2211B643E9}.Release|Any CPU.Build.0 = Release|Any CPU
		{A99204D4-FD15-417A-A3F3-6991F59FC551}.Debug|Any CPU.ActiveCfg = Debug|Any CPU
		{A99204D4-FD15-417A-A3F3-6991F59FC551}.Debug|Any CPU.Build.0 = Debug|Any CPU
		{A99204D4-FD15-417A-A3F3-6991F59FC551}.Release|Any CPU.ActiveCfg = Release|Any CPU
		{A99204D4-FD15-417A-A3F3-6991F59FC551}.Release|Any CPU.Build.0 = Release|Any CPU
		{F3A47858-7955-46AA-ABF0-47496310F2E6}.Debug|Any CPU.ActiveCfg = Debug|Any CPU
		{F3A47858-7955-46AA-ABF0-47496310F2E6}.Debug|Any CPU.Build.0 = Debug|Any CPU
		{F3A47858-7955-46AA-ABF0-47496310F2E6}.Release|Any CPU.ActiveCfg = Release|Any CPU
		{F3A47858-7955-46AA-ABF0-47496310F2E6}.Release|Any CPU.Build.0 = Release|Any CPU
		{A27A9859-C670-4360-9D8F-226D7F4D4725}.Debug|Any CPU.ActiveCfg = Debug|Any CPU
		{A27A9859-C670-4360-9D8F-226D7F4D4725}.Debug|Any CPU.Build.0 = Debug|Any CPU
		{A27A9859-C670-4360-9D8F-226D7F4D4725}.Release|Any CPU.ActiveCfg = Release|Any CPU
		{A27A9859-C670-4360-9D8F-226D7F4D4725}.Release|Any CPU.Build.0 = Release|Any CPU
		{A546DBBB-9A2D-4E1C-8FE2-E9CD4E8B3DD1}.Debug|Any CPU.ActiveCfg = Debug|Any CPU
		{A546DBBB-9A2D-4E1C-8FE2-E9CD4E8B3DD1}.Debug|Any CPU.Build.0 = Debug|Any CPU
		{A546DBBB-9A2D-4E1C-8FE2-E9CD4E8B3DD1}.Release|Any CPU.ActiveCfg = Release|Any CPU
		{A546DBBB-9A2D-4E1C-8FE2-E9CD4E8B3DD1}.Release|Any CPU.Build.0 = Release|Any CPU
		{33AE348A-26DC-4565-A36D-F6409F75212D}.Debug|Any CPU.ActiveCfg = Debug|Any CPU
		{33AE348A-26DC-4565-A36D-F6409F75212D}.Debug|Any CPU.Build.0 = Debug|Any CPU
		{33AE348A-26DC-4565-A36D-F6409F75212D}.Release|Any CPU.ActiveCfg = Release|Any CPU
		{33AE348A-26DC-4565-A36D-F6409F75212D}.Release|Any CPU.Build.0 = Release|Any CPU
		{2BC3AB98-C6AB-4245-BDD0-E909D5BA8B54}.Debug|Any CPU.ActiveCfg = Debug|Any CPU
		{2BC3AB98-C6AB-4245-BDD0-E909D5BA8B54}.Debug|Any CPU.Build.0 = Debug|Any CPU
		{2BC3AB98-C6AB-4245-BDD0-E909D5BA8B54}.Release|Any CPU.ActiveCfg = Release|Any CPU
		{2BC3AB98-C6AB-4245-BDD0-E909D5BA8B54}.Release|Any CPU.Build.0 = Release|Any CPU
		{744E8EB5-E68E-4B20-AB95-A4225DF1E821}.Debug|Any CPU.ActiveCfg = Debug|Any CPU
		{744E8EB5-E68E-4B20-AB95-A4225DF1E821}.Debug|Any CPU.Build.0 = Debug|Any CPU
		{744E8EB5-E68E-4B20-AB95-A4225DF1E821}.Release|Any CPU.ActiveCfg = Release|Any CPU
		{744E8EB5-E68E-4B20-AB95-A4225DF1E821}.Release|Any CPU.Build.0 = Release|Any CPU
		{6F374D3C-60A5-4E22-85E1-44A4CB91090F}.Debug|Any CPU.ActiveCfg = Debug|Any CPU
		{6F374D3C-60A5-4E22-85E1-44A4CB91090F}.Debug|Any CPU.Build.0 = Debug|Any CPU
		{6F374D3C-60A5-4E22-85E1-44A4CB91090F}.Release|Any CPU.ActiveCfg = Release|Any CPU
		{6F374D3C-60A5-4E22-85E1-44A4CB91090F}.Release|Any CPU.Build.0 = Release|Any CPU
		{4F2699C7-D1BE-477E-B6D9-4BC2B48EC5D3}.Debug|Any CPU.ActiveCfg = Debug|Any CPU
		{4F2699C7-D1BE-477E-B6D9-4BC2B48EC5D3}.Debug|Any CPU.Build.0 = Debug|Any CPU
		{4F2699C7-D1BE-477E-B6D9-4BC2B48EC5D3}.Release|Any CPU.ActiveCfg = Release|Any CPU
		{4F2699C7-D1BE-477E-B6D9-4BC2B48EC5D3}.Release|Any CPU.Build.0 = Release|Any CPU
		{D642C908-EBDE-4488-A0ED-A717BA47E876}.Debug|Any CPU.ActiveCfg = Debug|Any CPU
		{D642C908-EBDE-4488-A0ED-A717BA47E876}.Debug|Any CPU.Build.0 = Debug|Any CPU
		{D642C908-EBDE-4488-A0ED-A717BA47E876}.Release|Any CPU.ActiveCfg = Release|Any CPU
		{D642C908-EBDE-4488-A0ED-A717BA47E876}.Release|Any CPU.Build.0 = Release|Any CPU
		{C47C653B-5ACA-405B-9859-27E6B78FC53C}.Debug|Any CPU.ActiveCfg = Debug|Any CPU
		{C47C653B-5ACA-405B-9859-27E6B78FC53C}.Debug|Any CPU.Build.0 = Debug|Any CPU
		{C47C653B-5ACA-405B-9859-27E6B78FC53C}.Release|Any CPU.ActiveCfg = Release|Any CPU
		{C47C653B-5ACA-405B-9859-27E6B78FC53C}.Release|Any CPU.Build.0 = Release|Any CPU
		{D7747F44-65D3-4416-983D-00C76C64E028}.Debug|Any CPU.ActiveCfg = Debug|Any CPU
		{D7747F44-65D3-4416-983D-00C76C64E028}.Debug|Any CPU.Build.0 = Debug|Any CPU
		{D7747F44-65D3-4416-983D-00C76C64E028}.Release|Any CPU.ActiveCfg = Release|Any CPU
		{D7747F44-65D3-4416-983D-00C76C64E028}.Release|Any CPU.Build.0 = Release|Any CPU
		{9B00843C-BF41-44F4-99D2-72003E16ABEA}.Debug|Any CPU.ActiveCfg = Debug|Any CPU
		{9B00843C-BF41-44F4-99D2-72003E16ABEA}.Debug|Any CPU.Build.0 = Debug|Any CPU
		{9B00843C-BF41-44F4-99D2-72003E16ABEA}.Release|Any CPU.ActiveCfg = Release|Any CPU
		{9B00843C-BF41-44F4-99D2-72003E16ABEA}.Release|Any CPU.Build.0 = Release|Any CPU
		{FF0778C7-8A79-4B50-A739-BF54301CC2A7}.Debug|Any CPU.ActiveCfg = Debug|Any CPU
		{FF0778C7-8A79-4B50-A739-BF54301CC2A7}.Debug|Any CPU.Build.0 = Debug|Any CPU
		{FF0778C7-8A79-4B50-A739-BF54301CC2A7}.Release|Any CPU.ActiveCfg = Release|Any CPU
		{FF0778C7-8A79-4B50-A739-BF54301CC2A7}.Release|Any CPU.Build.0 = Release|Any CPU
		{6E2332CB-2B58-4F81-8D60-594BD3666317}.Debug|Any CPU.ActiveCfg = Debug|Any CPU
		{6E2332CB-2B58-4F81-8D60-594BD3666317}.Debug|Any CPU.Build.0 = Debug|Any CPU
		{6E2332CB-2B58-4F81-8D60-594BD3666317}.Release|Any CPU.ActiveCfg = Release|Any CPU
		{6E2332CB-2B58-4F81-8D60-594BD3666317}.Release|Any CPU.Build.0 = Release|Any CPU
		{F5837617-CCB4-4C69-A2C3-4128C591A237}.Debug|Any CPU.ActiveCfg = Debug|Any CPU
		{F5837617-CCB4-4C69-A2C3-4128C591A237}.Debug|Any CPU.Build.0 = Debug|Any CPU
		{F5837617-CCB4-4C69-A2C3-4128C591A237}.Release|Any CPU.ActiveCfg = Release|Any CPU
		{F5837617-CCB4-4C69-A2C3-4128C591A237}.Release|Any CPU.Build.0 = Release|Any CPU
		{606532AB-F8BB-4EC2-971F-95CA22EAA033}.Debug|Any CPU.ActiveCfg = Debug|Any CPU
		{606532AB-F8BB-4EC2-971F-95CA22EAA033}.Debug|Any CPU.Build.0 = Debug|Any CPU
		{606532AB-F8BB-4EC2-971F-95CA22EAA033}.Release|Any CPU.ActiveCfg = Release|Any CPU
		{606532AB-F8BB-4EC2-971F-95CA22EAA033}.Release|Any CPU.Build.0 = Release|Any CPU
		{D146F2B8-9A76-4A68-A019-725E2989255C}.Debug|Any CPU.ActiveCfg = Debug|Any CPU
		{D146F2B8-9A76-4A68-A019-725E2989255C}.Debug|Any CPU.Build.0 = Debug|Any CPU
		{D146F2B8-9A76-4A68-A019-725E2989255C}.Release|Any CPU.ActiveCfg = Release|Any CPU
		{D146F2B8-9A76-4A68-A019-725E2989255C}.Release|Any CPU.Build.0 = Release|Any CPU
	EndGlobalSection
	GlobalSection(SolutionProperties) = preSolution
		HideSolutionNode = FALSE
	EndGlobalSection
	GlobalSection(NestedProjects) = preSolution
		{90B73C32-64E7-499F-ABDF-5C0B624AE992} = {3C0931EE-E64A-42ED-A1C1-F1DB2E290B4F}
		{B7305B3D-A837-4CB0-A272-1B229E934578} = {3C0931EE-E64A-42ED-A1C1-F1DB2E290B4F}
		{01328578-AE90-4A0B-99A8-9BCA76DB7D84} = {B7305B3D-A837-4CB0-A272-1B229E934578}
		{0EAC0F4D-09E5-4C7E-BD73-4FE6E4223178} = {FD6393C5-ACC7-487D-8DBD-8632606ECEFB}
		{4FC05B34-3299-41AF-A764-6D2211B643E9} = {B7305B3D-A837-4CB0-A272-1B229E934578}
		{4CB0DE8E-2472-4960-95A6-95DB32420A17} = {D77433BB-94DE-4380-BDD4-1544323A90C8}
		{A99204D4-FD15-417A-A3F3-6991F59FC551} = {4CB0DE8E-2472-4960-95A6-95DB32420A17}
		{F3A47858-7955-46AA-ABF0-47496310F2E6} = {FD6393C5-ACC7-487D-8DBD-8632606ECEFB}
		{2545391C-0A7A-48F8-943E-CBA3905CF043} = {D77433BB-94DE-4380-BDD4-1544323A90C8}
		{3C0931EE-E64A-42ED-A1C1-F1DB2E290B4F} = {D77433BB-94DE-4380-BDD4-1544323A90C8}
		{A27A9859-C670-4360-9D8F-226D7F4D4725} = {FD6393C5-ACC7-487D-8DBD-8632606ECEFB}
		{A546DBBB-9A2D-4E1C-8FE2-E9CD4E8B3DD1} = {FD6393C5-ACC7-487D-8DBD-8632606ECEFB}
		{33AE348A-26DC-4565-A36D-F6409F75212D} = {FD6393C5-ACC7-487D-8DBD-8632606ECEFB}
		{6F374D3C-60A5-4E22-85E1-44A4CB91090F} = {FD6393C5-ACC7-487D-8DBD-8632606ECEFB}
		{4F2699C7-D1BE-477E-B6D9-4BC2B48EC5D3} = {2545391C-0A7A-48F8-943E-CBA3905CF043}
		{D642C908-EBDE-4488-A0ED-A717BA47E876} = {FD6393C5-ACC7-487D-8DBD-8632606ECEFB}
		{C47C653B-5ACA-405B-9859-27E6B78FC53C} = {FD6393C5-ACC7-487D-8DBD-8632606ECEFB}
		{D7747F44-65D3-4416-983D-00C76C64E028} = {2545391C-0A7A-48F8-943E-CBA3905CF043}
		{9B00843C-BF41-44F4-99D2-72003E16ABEA} = {2545391C-0A7A-48F8-943E-CBA3905CF043}
		{FF0778C7-8A79-4B50-A739-BF54301CC2A7} = {FD6393C5-ACC7-487D-8DBD-8632606ECEFB}
		{6E2332CB-2B58-4F81-8D60-594BD3666317} = {2545391C-0A7A-48F8-943E-CBA3905CF043}
		{F5837617-CCB4-4C69-A2C3-4128C591A237} = {2545391C-0A7A-48F8-943E-CBA3905CF043}
		{606532AB-F8BB-4EC2-971F-95CA22EAA033} = {FD6393C5-ACC7-487D-8DBD-8632606ECEFB}
		{D146F2B8-9A76-4A68-A019-725E2989255C} = {FD6393C5-ACC7-487D-8DBD-8632606ECEFB}
	EndGlobalSection
	GlobalSection(ExtensibilityGlobals) = postSolution
		SolutionGuid = {EF02E440-D052-4926-8122-8B1051B34910}
	EndGlobalSection
EndGlobal
