
Microsoft Visual Studio Solution File, Format Version 12.00
# Visual Studio Version 17
VisualStudioVersion = 17.12.35309.182
MinimumVisualStudioVersion = 10.0.40219.1
Project("{2150E333-8FDC-42A3-9474-1A3956D46DE8}") = "src", "src", "{D77433BB-94DE-4380-BDD4-1544323A90C8}"
EndProject
Project("{2150E333-8FDC-42A3-9474-1A3956D46DE8}") = "framework", "framework", "{FD6393C5-ACC7-487D-8DBD-8632606ECEFB}"
EndProject
Project("{2150E333-8FDC-42A3-9474-1A3956D46DE8}") = "infrastructure", "infrastructure", "{68762AEF-C576-4EBA-8603-533CA60AAB73}"
EndProject
Project("{9A19103F-16F7-4668-BE54-9A1E7A4F7556}") = "EarthChat.Gateway", "src\gateway\EarthChat.Gateway\EarthChat.Gateway.csproj", "{90B73C32-64E7-499F-ABDF-5C0B624AE992}"
EndProject
Project("{2150E333-8FDC-42A3-9474-1A3956D46DE8}") = "Sdk", "Sdk", "{B7305B3D-A837-4CB0-A272-1B229E934578}"
EndProject
Project("{9A19103F-16F7-4668-BE54-9A1E7A4F7556}") = "EarthChat.Gateway.Sdk", "src\gateway\Sdk\EarthChat.Gateway.Sdk\EarthChat.Gateway.Sdk.csproj", "{01328578-AE90-4A0B-99A8-9BCA76DB7D84}"
EndProject
Project("{2150E333-8FDC-42A3-9474-1A3956D46DE8}") = "Solution Items", "Solution Items", "{803F048C-CBC4-4920-A489-45E62095AECA}"
	ProjectSection(SolutionItems) = preProject
		design.xmind = design.xmind
		Directory.Build.props = Directory.Build.props
		docker-compose.yml = docker-compose.yml
	EndProjectSection
EndProject
Project("{9A19103F-16F7-4668-BE54-9A1E7A4F7556}") = "EarthChat.Core", "framework\EarthChat.Core\EarthChat.Core.csproj", "{0EAC0F4D-09E5-4C7E-BD73-4FE6E4223178}"
EndProject
Project("{9A19103F-16F7-4668-BE54-9A1E7A4F7556}") = "EarthChat.Gateway.Sdk.Data", "src\gateway\Sdk\EarthChat.Gateway.Sdk.Data\EarthChat.Gateway.Sdk.Data.csproj", "{4FC05B34-3299-41AF-A764-6D2211B643E9}"
EndProject
Project("{2150E333-8FDC-42A3-9474-1A3956D46DE8}") = "instant-message", "instant-message", "{4CB0DE8E-2472-4960-95A6-95DB32420A17}"
EndProject
Project("{9A19103F-16F7-4668-BE54-9A1E7A4F7556}") = "EarthChat.InstantMessage.Service", "src\instant-message\EarthChat.InstantMessage.Service\EarthChat.InstantMessage.Service.csproj", "{A99204D4-FD15-417A-A3F3-6991F59FC551}"
EndProject
Project("{FAE04EC0-301F-11D3-BF4B-00C04F79EFBC}") = "EarthChat.AppHost", "EarthChat.AppHost\EarthChat.AppHost.csproj", "{B9A65939-C8BF-4EE4-9AB2-F2D1511FCCFC}"
EndProject
Project("{9A19103F-16F7-4668-BE54-9A1E7A4F7556}") = "EarthChat.ServiceDefaults", "EarthChat.ServiceDefaults\EarthChat.ServiceDefaults.csproj", "{B9B95AA3-E885-43DB-A4F6-17B5A5D2A5D4}"
EndProject
Project("{FAE04EC0-301F-11D3-BF4B-00C04F79EFBC}") = "EarthChat.Infrastructure.Algo", "src\infrastructure\EarthChat.Infrastructure.Algo\EarthChat.Infrastructure.Algo.csproj", "{F3A47858-7955-46AA-ABF0-47496310F2E6}"
EndProject
Project("{2150E333-8FDC-42A3-9474-1A3956D46DE8}") = "auth", "auth", "{2545391C-0A7A-48F8-943E-CBA3905CF043}"
EndProject
Project("{FAE04EC0-301F-11D3-BF4B-00C04F79EFBC}") = "EarthChat.AuthServer", "src\auth\EarthChat.AuthServer\EarthChat.AuthServer.csproj", "{E04B9888-18DF-4DCF-95D1-E8EBB49D3423}"
EndProject
Project("{2150E333-8FDC-42A3-9474-1A3956D46DE8}") = "gateway", "gateway", "{3C0931EE-E64A-42ED-A1C1-F1DB2E290B4F}"
EndProject
Project("{FAE04EC0-301F-11D3-BF4B-00C04F79EFBC}") = "EarthChat.Auth.Domains", "src\auth\EarthChat.Auth.Domains\EarthChat.Auth.Domains.csproj", "{6E83C0CC-87D5-4589-8C55-B703368B1BA7}"
EndProject
Project("{FAE04EC0-301F-11D3-BF4B-00C04F79EFBC}") = "EarthChat.EntityFrameworkCore", "framework\EarthChat.EntityFrameworkCore\EarthChat.EntityFrameworkCore.csproj", "{08ADBCDB-F632-43E1-BE9A-21656E135287}"
EndProject
Project("{FAE04EC0-301F-11D3-BF4B-00C04F79EFBC}") = "EarthChat.Identity", "framework\EarthChat.Identity\EarthChat.Identity.csproj", "{AECDA44F-096E-4323-8AFB-D13C33D538D9}"
EndProject
Project("{FAE04EC0-301F-11D3-BF4B-00C04F79EFBC}") = "EarthChat.Identity.Data", "framework\EarthChat.Identity.Data\EarthChat.Identity.Data.csproj", "{D3FEF8F2-7B52-4DD0-9C12-38C754A7ED9F}"
EndProject
Project("{FAE04EC0-301F-11D3-BF4B-00C04F79EFBC}") = "EarthChat.Ddd", "framework\EarthChat.Ddd\EarthChat.Ddd.csproj", "{58CF4E29-F7F1-43D2-8C18-B5A4C45EA4D9}"
EndProject
Project("{FAE04EC0-301F-11D3-BF4B-00C04F79EFBC}") = "EarthChat.Auth.EntityFrameworkCore", "src\auth\EarthChat.Auth.EntityFrameworkCore\EarthChat.Auth.EntityFrameworkCore.csproj", "{8E72B734-45BC-4EEA-B107-AC27C644BF2C}"
EndProject
Project("{FAE04EC0-301F-11D3-BF4B-00C04F79EFBC}") = "EarthChat.Auth.Application", "src\auth\EarthChat.Auth.Application\EarthChat.Auth.Application.csproj", "{5141CED3-F983-43C8-A177-897EC57892EA}"
EndProject
Global
	GlobalSection(SolutionConfigurationPlatforms) = preSolution
		Debug|Any CPU = Debug|Any CPU
		Release|Any CPU = Release|Any CPU
	EndGlobalSection
	GlobalSection(ProjectConfigurationPlatforms) = postSolution
		{90B73C32-64E7-499F-ABDF-5C0B624AE992}.Debug|Any CPU.ActiveCfg = Debug|Any CPU
		{90B73C32-64E7-499F-ABDF-5C0B624AE992}.Debug|Any CPU.Build.0 = Debug|Any CPU
		{90B73C32-64E7-499F-ABDF-5C0B624AE992}.Release|Any CPU.ActiveCfg = Release|Any CPU
		{90B73C32-64E7-499F-ABDF-5C0B624AE992}.Release|Any CPU.Build.0 = Release|Any CPU
		{01328578-AE90-4A0B-99A8-9BCA76DB7D84}.Debug|Any CPU.ActiveCfg = Debug|Any CPU
		{01328578-AE90-4A0B-99A8-9BCA76DB7D84}.Debug|Any CPU.Build.0 = Debug|Any CPU
		{01328578-AE90-4A0B-99A8-9BCA76DB7D84}.Release|Any CPU.ActiveCfg = Release|Any CPU
		{01328578-AE90-4A0B-99A8-9BCA76DB7D84}.Release|Any CPU.Build.0 = Release|Any CPU
		{0EAC0F4D-09E5-4C7E-BD73-4FE6E4223178}.Debug|Any CPU.ActiveCfg = Debug|Any CPU
		{0EAC0F4D-09E5-4C7E-BD73-4FE6E4223178}.Debug|Any CPU.Build.0 = Debug|Any CPU
		{0EAC0F4D-09E5-4C7E-BD73-4FE6E4223178}.Release|Any CPU.ActiveCfg = Release|Any CPU
		{0EAC0F4D-09E5-4C7E-BD73-4FE6E4223178}.Release|Any CPU.Build.0 = Release|Any CPU
		{4FC05B34-3299-41AF-A764-6D2211B643E9}.Debug|Any CPU.ActiveCfg = Debug|Any CPU
		{4FC05B34-3299-41AF-A764-6D2211B643E9}.Debug|Any CPU.Build.0 = Debug|Any CPU
		{4FC05B34-3299-41AF-A764-6D2211B643E9}.Release|Any CPU.ActiveCfg = Release|Any CPU
		{4FC05B34-3299-41AF-A764-6D2211B643E9}.Release|Any CPU.Build.0 = Release|Any CPU
		{A99204D4-FD15-417A-A3F3-6991F59FC551}.Debug|Any CPU.ActiveCfg = Debug|Any CPU
		{A99204D4-FD15-417A-A3F3-6991F59FC551}.Debug|Any CPU.Build.0 = Debug|Any CPU
		{A99204D4-FD15-417A-A3F3-6991F59FC551}.Release|Any CPU.ActiveCfg = Release|Any CPU
		{A99204D4-FD15-417A-A3F3-6991F59FC551}.Release|Any CPU.Build.0 = Release|Any CPU
		{B9A65939-C8BF-4EE4-9AB2-F2D1511FCCFC}.Debug|Any CPU.ActiveCfg = Debug|Any CPU
		{B9A65939-C8BF-4EE4-9AB2-F2D1511FCCFC}.Debug|Any CPU.Build.0 = Debug|Any CPU
		{B9A65939-C8BF-4EE4-9AB2-F2D1511FCCFC}.Release|Any CPU.ActiveCfg = Release|Any CPU
		{B9A65939-C8BF-4EE4-9AB2-F2D1511FCCFC}.Release|Any CPU.Build.0 = Release|Any CPU
		{B9B95AA3-E885-43DB-A4F6-17B5A5D2A5D4}.Debug|Any CPU.ActiveCfg = Debug|Any CPU
		{B9B95AA3-E885-43DB-A4F6-17B5A5D2A5D4}.Debug|Any CPU.Build.0 = Debug|Any CPU
		{B9B95AA3-E885-43DB-A4F6-17B5A5D2A5D4}.Release|Any CPU.ActiveCfg = Release|Any CPU
		{B9B95AA3-E885-43DB-A4F6-17B5A5D2A5D4}.Release|Any CPU.Build.0 = Release|Any CPU
		{F3A47858-7955-46AA-ABF0-47496310F2E6}.Debug|Any CPU.ActiveCfg = Debug|Any CPU
		{F3A47858-7955-46AA-ABF0-47496310F2E6}.Debug|Any CPU.Build.0 = Debug|Any CPU
		{F3A47858-7955-46AA-ABF0-47496310F2E6}.Release|Any CPU.ActiveCfg = Release|Any CPU
		{F3A47858-7955-46AA-ABF0-47496310F2E6}.Release|Any CPU.Build.0 = Release|Any CPU
		{E04B9888-18DF-4DCF-95D1-E8EBB49D3423}.Debug|Any CPU.ActiveCfg = Debug|Any CPU
		{E04B9888-18DF-4DCF-95D1-E8EBB49D3423}.Debug|Any CPU.Build.0 = Debug|Any CPU
		{E04B9888-18DF-4DCF-95D1-E8EBB49D3423}.Release|Any CPU.ActiveCfg = Release|Any CPU
		{E04B9888-18DF-4DCF-95D1-E8EBB49D3423}.Release|Any CPU.Build.0 = Release|Any CPU
		{6E83C0CC-87D5-4589-8C55-B703368B1BA7}.Debug|Any CPU.ActiveCfg = Debug|Any CPU
		{6E83C0CC-87D5-4589-8C55-B703368B1BA7}.Debug|Any CPU.Build.0 = Debug|Any CPU
		{6E83C0CC-87D5-4589-8C55-B703368B1BA7}.Release|Any CPU.ActiveCfg = Release|Any CPU
		{6E83C0CC-87D5-4589-8C55-B703368B1BA7}.Release|Any CPU.Build.0 = Release|Any CPU
		{08ADBCDB-F632-43E1-BE9A-21656E135287}.Debug|Any CPU.ActiveCfg = Debug|Any CPU
		{08ADBCDB-F632-43E1-BE9A-21656E135287}.Debug|Any CPU.Build.0 = Debug|Any CPU
		{08ADBCDB-F632-43E1-BE9A-21656E135287}.Release|Any CPU.ActiveCfg = Release|Any CPU
		{08ADBCDB-F632-43E1-BE9A-21656E135287}.Release|Any CPU.Build.0 = Release|Any CPU
		{AECDA44F-096E-4323-8AFB-D13C33D538D9}.Debug|Any CPU.ActiveCfg = Debug|Any CPU
		{AECDA44F-096E-4323-8AFB-D13C33D538D9}.Debug|Any CPU.Build.0 = Debug|Any CPU
		{AECDA44F-096E-4323-8AFB-D13C33D538D9}.Release|Any CPU.ActiveCfg = Release|Any CPU
		{AECDA44F-096E-4323-8AFB-D13C33D538D9}.Release|Any CPU.Build.0 = Release|Any CPU
		{D3FEF8F2-7B52-4DD0-9C12-38C754A7ED9F}.Debug|Any CPU.ActiveCfg = Debug|Any CPU
		{D3FEF8F2-7B52-4DD0-9C12-38C754A7ED9F}.Debug|Any CPU.Build.0 = Debug|Any CPU
		{D3FEF8F2-7B52-4DD0-9C12-38C754A7ED9F}.Release|Any CPU.ActiveCfg = Release|Any CPU
		{D3FEF8F2-7B52-4DD0-9C12-38C754A7ED9F}.Release|Any CPU.Build.0 = Release|Any CPU
		{58CF4E29-F7F1-43D2-8C18-B5A4C45EA4D9}.Debug|Any CPU.ActiveCfg = Debug|Any CPU
		{58CF4E29-F7F1-43D2-8C18-B5A4C45EA4D9}.Debug|Any CPU.Build.0 = Debug|Any CPU
		{58CF4E29-F7F1-43D2-8C18-B5A4C45EA4D9}.Release|Any CPU.ActiveCfg = Release|Any CPU
		{58CF4E29-F7F1-43D2-8C18-B5A4C45EA4D9}.Release|Any CPU.Build.0 = Release|Any CPU
		{8E72B734-45BC-4EEA-B107-AC27C644BF2C}.Debug|Any CPU.ActiveCfg = Debug|Any CPU
		{8E72B734-45BC-4EEA-B107-AC27C644BF2C}.Debug|Any CPU.Build.0 = Debug|Any CPU
		{8E72B734-45BC-4EEA-B107-AC27C644BF2C}.Release|Any CPU.ActiveCfg = Release|Any CPU
		{8E72B734-45BC-4EEA-B107-AC27C644BF2C}.Release|Any CPU.Build.0 = Release|Any CPU
		{5141CED3-F983-43C8-A177-897EC57892EA}.Debug|Any CPU.ActiveCfg = Debug|Any CPU
		{5141CED3-F983-43C8-A177-897EC57892EA}.Debug|Any CPU.Build.0 = Debug|Any CPU
		{5141CED3-F983-43C8-A177-897EC57892EA}.Release|Any CPU.ActiveCfg = Release|Any CPU
		{5141CED3-F983-43C8-A177-897EC57892EA}.Release|Any CPU.Build.0 = Release|Any CPU
	EndGlobalSection
	GlobalSection(SolutionProperties) = preSolution
		HideSolutionNode = FALSE
	EndGlobalSection
	GlobalSection(NestedProjects) = preSolution
		{68762AEF-C576-4EBA-8603-533CA60AAB73} = {D77433BB-94DE-4380-BDD4-1544323A90C8}
		{01328578-AE90-4A0B-99A8-9BCA76DB7D84} = {B7305B3D-A837-4CB0-A272-1B229E934578}
		{0EAC0F4D-09E5-4C7E-BD73-4FE6E4223178} = {FD6393C5-ACC7-487D-8DBD-8632606ECEFB}
		{4FC05B34-3299-41AF-A764-6D2211B643E9} = {B7305B3D-A837-4CB0-A272-1B229E934578}
		{4CB0DE8E-2472-4960-95A6-95DB32420A17} = {D77433BB-94DE-4380-BDD4-1544323A90C8}
		{A99204D4-FD15-417A-A3F3-6991F59FC551} = {4CB0DE8E-2472-4960-95A6-95DB32420A17}
		{F3A47858-7955-46AA-ABF0-47496310F2E6} = {68762AEF-C576-4EBA-8603-533CA60AAB73}
		{2545391C-0A7A-48F8-943E-CBA3905CF043} = {D77433BB-94DE-4380-BDD4-1544323A90C8}
		{E04B9888-18DF-4DCF-95D1-E8EBB49D3423} = {2545391C-0A7A-48F8-943E-CBA3905CF043}
		{3C0931EE-E64A-42ED-A1C1-F1DB2E290B4F} = {D77433BB-94DE-4380-BDD4-1544323A90C8}
		{90B73C32-64E7-499F-ABDF-5C0B624AE992} = {3C0931EE-E64A-42ED-A1C1-F1DB2E290B4F}
		{B7305B3D-A837-4CB0-A272-1B229E934578} = {3C0931EE-E64A-42ED-A1C1-F1DB2E290B4F}
		{6E83C0CC-87D5-4589-8C55-B703368B1BA7} = {2545391C-0A7A-48F8-943E-CBA3905CF043}
		{08ADBCDB-F632-43E1-BE9A-21656E135287} = {FD6393C5-ACC7-487D-8DBD-8632606ECEFB}
		{AECDA44F-096E-4323-8AFB-D13C33D538D9} = {FD6393C5-ACC7-487D-8DBD-8632606ECEFB}
		{D3FEF8F2-7B52-4DD0-9C12-38C754A7ED9F} = {FD6393C5-ACC7-487D-8DBD-8632606ECEFB}
		{58CF4E29-F7F1-43D2-8C18-B5A4C45EA4D9} = {FD6393C5-ACC7-487D-8DBD-8632606ECEFB}
		{8E72B734-45BC-4EEA-B107-AC27C644BF2C} = {2545391C-0A7A-48F8-943E-CBA3905CF043}
		{5141CED3-F983-43C8-A177-897EC57892EA} = {2545391C-0A7A-48F8-943E-CBA3905CF043}
	EndGlobalSection
EndGlobal
